
Microsoft Visual Studio Solution File, Format Version 12.00
# Visual Studio Version 16
VisualStudioVersion = 16.0.30204.135
MinimumVisualStudioVersion = 10.0.40219.1
Project("{9A19103F-16F7-4668-BE54-9A1E7A4F7556}") = "DeberPrograPao1", "DeberPrograPao1\DeberPrograPao1.csproj", "{3CC829C9-0026-47A5-8DF3-9FD90A983059}"
EndProject
Project("{9A19103F-16F7-4668-BE54-9A1E7A4F7556}") = "DeberPrograPao1ML.Model", "DeberPrograPao1ML.Model\DeberPrograPao1ML.Model.csproj", "{4997E9E3-7EE7-49A1-8C6A-FB64D37D9A2A}"
EndProject
Project("{9A19103F-16F7-4668-BE54-9A1E7A4F7556}") = "DeberPrograPao1ML.ConsoleApp", "DeberPrograPao1ML.ConsoleApp\DeberPrograPao1ML.ConsoleApp.csproj", "{49A8DC42-B84E-4162-93C3-379378CDCB01}"
EndProject
Global
	GlobalSection(SolutionConfigurationPlatforms) = preSolution
		Debug|Any CPU = Debug|Any CPU
		Release|Any CPU = Release|Any CPU
	EndGlobalSection
	GlobalSection(ProjectConfigurationPlatforms) = postSolution
		{3CC829C9-0026-47A5-8DF3-9FD90A983059}.Debug|Any CPU.ActiveCfg = Debug|Any CPU
		{3CC829C9-0026-47A5-8DF3-9FD90A983059}.Debug|Any CPU.Build.0 = Debug|Any CPU
		{3CC829C9-0026-47A5-8DF3-9FD90A983059}.Release|Any CPU.ActiveCfg = Release|Any CPU
		{3CC829C9-0026-47A5-8DF3-9FD90A983059}.Release|Any CPU.Build.0 = Release|Any CPU
		{4997E9E3-7EE7-49A1-8C6A-FB64D37D9A2A}.Debug|Any CPU.ActiveCfg = Debug|Any CPU
		{4997E9E3-7EE7-49A1-8C6A-FB64D37D9A2A}.Debug|Any CPU.Build.0 = Debug|Any CPU
		{4997E9E3-7EE7-49A1-8C6A-FB64D37D9A2A}.Release|Any CPU.ActiveCfg = Release|Any CPU
		{4997E9E3-7EE7-49A1-8C6A-FB64D37D9A2A}.Release|Any CPU.Build.0 = Release|Any CPU
		{49A8DC42-B84E-4162-93C3-379378CDCB01}.Debug|Any CPU.ActiveCfg = Debug|Any CPU
		{49A8DC42-B84E-4162-93C3-379378CDCB01}.Debug|Any CPU.Build.0 = Debug|Any CPU
		{49A8DC42-B84E-4162-93C3-379378CDCB01}.Release|Any CPU.ActiveCfg = Release|Any CPU
		{49A8DC42-B84E-4162-93C3-379378CDCB01}.Release|Any CPU.Build.0 = Release|Any CPU
	EndGlobalSection
	GlobalSection(SolutionProperties) = preSolution
		HideSolutionNode = FALSE
	EndGlobalSection
	GlobalSection(ExtensibilityGlobals) = postSolution
		SolutionGuid = {5FF7DF81-B4A6-4C9D-B026-5A2FE2B56BAE}
	EndGlobalSection
EndGlobal
